{
  "nodes": {
    "nixCats": {
      "locked": {
        "lastModified": 1741561475,
        "narHash": "sha256-UsOSwP06T4zSRnNq+zzSFGUaseqSidyeMh1otxnioTY=",
        "owner": "BirdeeHub",
        "repo": "nixCats-nvim",
        "rev": "413697e5cebca93a74929f3a6b94ce2fec053dcd",
        "type": "github"
      },
      "original": {
        "owner": "BirdeeHub",
        "repo": "nixCats-nvim",
        "type": "github"
      }
    },
    "nixpkgs": {
      "locked": {
        "lastModified": 1741402956,
        "narHash": "sha256-y2hByvBM03s9T2fpeLjW6iprbxnhV9mJMmSwCHc41ZQ=",
        "owner": "nixos",
        "repo": "nixpkgs",
        "rev": "ed0b1881565c1ffef490c10d663d4f542031dad3",
        "type": "github"
      },
      "original": {
        "owner": "nixos",
        "ref": "nixpkgs-unstable",
        "repo": "nixpkgs",
        "type": "github"
      }
    },
    "root": {
      "inputs": {
        "nixCats": "nixCats",
        "nixpkgs": "nixpkgs"
      }
    }
  },
  "root": "root",
  "version": 7
}
